
Microsoft Visual Studio Solution File, Format Version 12.00
# Visual Studio 2012
Project("{FAE04EC0-301F-11D3-BF4B-00C04F79EFBC}") = "SZ.Common", "SZ.Common\SZ.Common.csproj", "{1C13A3D7-570F-4507-9541-BCCA5A36B931}"
EndProject
Project("{FAE04EC0-301F-11D3-BF4B-00C04F79EFBC}") = "SZ.Common.Test", "SZ.Common.Test\SZ.Common.Test.csproj", "{FAEEFC3A-3122-4C80-92FE-24AB87DEFD7B}"
EndProject
Global
	GlobalSection(SolutionConfigurationPlatforms) = preSolution
		Debug|Any CPU = Debug|Any CPU
		Release|Any CPU = Release|Any CPU
	EndGlobalSection
	GlobalSection(ProjectConfigurationPlatforms) = postSolution
		{1C13A3D7-570F-4507-9541-BCCA5A36B931}.Debug|Any CPU.ActiveCfg = Debug|Any CPU
		{1C13A3D7-570F-4507-9541-BCCA5A36B931}.Debug|Any CPU.Build.0 = Debug|Any CPU
		{1C13A3D7-570F-4507-9541-BCCA5A36B931}.Release|Any CPU.ActiveCfg = Release|Any CPU
		{1C13A3D7-570F-4507-9541-BCCA5A36B931}.Release|Any CPU.Build.0 = Release|Any CPU
		{FAEEFC3A-3122-4C80-92FE-24AB87DEFD7B}.Debug|Any CPU.ActiveCfg = Debug|Any CPU
		{FAEEFC3A-3122-4C80-92FE-24AB87DEFD7B}.Debug|Any CPU.Build.0 = Debug|Any CPU
		{FAEEFC3A-3122-4C80-92FE-24AB87DEFD7B}.Release|Any CPU.ActiveCfg = Release|Any CPU
		{FAEEFC3A-3122-4C80-92FE-24AB87DEFD7B}.Release|Any CPU.Build.0 = Release|Any CPU
	EndGlobalSection
	GlobalSection(SolutionProperties) = preSolution
		HideSolutionNode = FALSE
	EndGlobalSection
EndGlobal
